{
  "name": "eval",
  "version": "1.0.0",
  "lockfileVersion": 3,
  "requires": true,
  "packages": {
    "": {
      "name": "eval",
      "version": "1.0.0",
      "license": "ISC",
      "dependencies": {
        "helmlab": "^0.16.0"
      }
    },
    "node_modules/helmlab": {
      "version": "0.16.0",
      "resolved": "https://registry.npmjs.org/helmlab/-/helmlab-0.16.0.tgz",
      "integrity": "sha512-8CrQmC4vhKizps6whFS/C0pe+I2Jd2YJ9LrXwlFvMDV/Clh1r1oaUFh2vSg5w9zWziGvekR4YmrjXc6jN+h0GQ==",
      "license": "MIT"
    }
  }
}
